
Microsoft Visual Studio Solution File, Format Version 12.00
# Visual Studio Version 16
VisualStudioVersion = 16.0.29709.97
MinimumVisualStudioVersion = 10.0.40219.1
Project("{9A19103F-16F7-4668-BE54-9A1E7A4F7556}") = "DevIO.Business", "src\DevIO.Business\DevIO.Business.csproj", "{C5F898FE-D67D-4D74-A49B-CBC29BC3D17C}"
EndProject
Project("{9A19103F-16F7-4668-BE54-9A1E7A4F7556}") = "DevIO.Data", "src\DevIO.Data\DevIO.Data.csproj", "{6C0C7493-78B7-4E20-8883-EFC267F516F6}"
EndProject
Project("{FAE04EC0-301F-11D3-BF4B-00C04F79EFBC}") = "DevIO.Api", "src\DevIO.Api\DevIO.Api.csproj", "{07D8A6C1-6E2F-4ABF-AE05-76230AAE6B6F}"
EndProject
Global
	GlobalSection(SolutionConfigurationPlatforms) = preSolution
		Debug|Any CPU = Debug|Any CPU
		Release|Any CPU = Release|Any CPU
	EndGlobalSection
	GlobalSection(ProjectConfigurationPlatforms) = postSolution
		{C5F898FE-D67D-4D74-A49B-CBC29BC3D17C}.Debug|Any CPU.ActiveCfg = Debug|Any CPU
		{C5F898FE-D67D-4D74-A49B-CBC29BC3D17C}.Debug|Any CPU.Build.0 = Debug|Any CPU
		{C5F898FE-D67D-4D74-A49B-CBC29BC3D17C}.Release|Any CPU.ActiveCfg = Release|Any CPU
		{C5F898FE-D67D-4D74-A49B-CBC29BC3D17C}.Release|Any CPU.Build.0 = Release|Any CPU
		{6C0C7493-78B7-4E20-8883-EFC267F516F6}.Debug|Any CPU.ActiveCfg = Debug|Any CPU
		{6C0C7493-78B7-4E20-8883-EFC267F516F6}.Debug|Any CPU.Build.0 = Debug|Any CPU
		{6C0C7493-78B7-4E20-8883-EFC267F516F6}.Release|Any CPU.ActiveCfg = Release|Any CPU
		{6C0C7493-78B7-4E20-8883-EFC267F516F6}.Release|Any CPU.Build.0 = Release|Any CPU
		{07D8A6C1-6E2F-4ABF-AE05-76230AAE6B6F}.Debug|Any CPU.ActiveCfg = Debug|Any CPU
		{07D8A6C1-6E2F-4ABF-AE05-76230AAE6B6F}.Debug|Any CPU.Build.0 = Debug|Any CPU
		{07D8A6C1-6E2F-4ABF-AE05-76230AAE6B6F}.Release|Any CPU.ActiveCfg = Release|Any CPU
		{07D8A6C1-6E2F-4ABF-AE05-76230AAE6B6F}.Release|Any CPU.Build.0 = Release|Any CPU
	EndGlobalSection
	GlobalSection(SolutionProperties) = preSolution
		HideSolutionNode = FALSE
	EndGlobalSection
	GlobalSection(ExtensibilityGlobals) = postSolution
		SolutionGuid = {77144D55-3F6E-4970-83F2-EDEFC88776CB}
	EndGlobalSection
EndGlobal
